// !$*UTF8*$!
{
	archiveVersion = 1;
	classes = {
	};
	objectVersion = 56;
	objects = {

/* Begin PBXBuildFile section */
		AE0834DF2B5EB075008F0B04 /* AppetizersApp.swift in Sources */ = {isa = PBXBuildFile; fileRef = AE0834DE2B5EB075008F0B04 /* AppetizersApp.swift */; };
		AE0834E12B5EB075008F0B04 /* AppetizerTabView.swift in Sources */ = {isa = PBXBuildFile; fileRef = AE0834E02B5EB075008F0B04 /* AppetizerTabView.swift */; };
		AE0834E32B5EB076008F0B04 /* Assets.xcassets in Resources */ = {isa = PBXBuildFile; fileRef = AE0834E22B5EB076008F0B04 /* Assets.xcassets */; };
		AE0834E62B5EB076008F0B04 /* Preview Assets.xcassets in Resources */ = {isa = PBXBuildFile; fileRef = AE0834E52B5EB076008F0B04 /* Preview Assets.xcassets */; };
		AE0834ED2B5EB6B1008F0B04 /* AppetizerListView.swift in Sources */ = {isa = PBXBuildFile; fileRef = AE0834EC2B5EB6B1008F0B04 /* AppetizerListView.swift */; };
		AE0834EF2B5EB6BF008F0B04 /* AccountView.swift in Sources */ = {isa = PBXBuildFile; fileRef = AE0834EE2B5EB6BF008F0B04 /* AccountView.swift */; };
		AE0834F12B5EB6C8008F0B04 /* OrderView.swift in Sources */ = {isa = PBXBuildFile; fileRef = AE0834F02B5EB6C8008F0B04 /* OrderView.swift */; };
		AE0834F32B5EC01C008F0B04 /* Appetizer.swift in Sources */ = {isa = PBXBuildFile; fileRef = AE0834F22B5EC01C008F0B04 /* Appetizer.swift */; };
		AE0834F52B5EC54D008F0B04 /* AppetizerListCell.swift in Sources */ = {isa = PBXBuildFile; fileRef = AE0834F42B5EC54D008F0B04 /* AppetizerListCell.swift */; };
		AE1D23C42B6261F300DFA693 /* RemoteImage.swift in Sources */ = {isa = PBXBuildFile; fileRef = AE1D23C32B6261F300DFA693 /* RemoteImage.swift */; };
		AE1D23D22B6280E200DFA693 /* AppetizerDetailView.swift in Sources */ = {isa = PBXBuildFile; fileRef = AE1D23D12B6280E200DFA693 /* AppetizerDetailView.swift */; };
		AE1D23D52B62D38700DFA693 /* AppetizerButton.swift in Sources */ = {isa = PBXBuildFile; fileRef = AE1D23D42B62D38700DFA693 /* AppetizerButton.swift */; };
		AE1D23D82B62D48F00DFA693 /* XDismissButton.swift in Sources */ = {isa = PBXBuildFile; fileRef = AE1D23D72B62D48F00DFA693 /* XDismissButton.swift */; };
		AE29139B2B726B9E00EF2582 /* User.swift in Sources */ = {isa = PBXBuildFile; fileRef = AE29139A2B726B9E00EF2582 /* User.swift */; };
		AE384A132B63A09400284EAA /* AccountViewModel.swift in Sources */ = {isa = PBXBuildFile; fileRef = AE384A122B63A09400284EAA /* AccountViewModel.swift */; };
		AE384A162B63AA0900284EAA /* String+Ext.swift in Sources */ = {isa = PBXBuildFile; fileRef = AE384A152B63AA0900284EAA /* String+Ext.swift */; };
		AE6F791B2B5FD7DD00A78492 /* NetworkManager.swift in Sources */ = {isa = PBXBuildFile; fileRef = AE6F791A2B5FD7DD00A78492 /* NetworkManager.swift */; };
		AEFF4E852B61564700581D1A /* AppetizerListViewModel.swift in Sources */ = {isa = PBXBuildFile; fileRef = AEFF4E842B61564700581D1A /* AppetizerListViewModel.swift */; };
		AEFF4E872B6158C400581D1A /* Alert.swift in Sources */ = {isa = PBXBuildFile; fileRef = AEFF4E862B6158C400581D1A /* Alert.swift */; };
		AEFF4E892B615F8E00581D1A /* LoadingView.swift in Sources */ = {isa = PBXBuildFile; fileRef = AEFF4E882B615F8E00581D1A /* LoadingView.swift */; };
/* End PBXBuildFile section */

/* Begin PBXFileReference section */
		AE0834DB2B5EB075008F0B04 /* Appetizers.app */ = {isa = PBXFileReference; explicitFileType = wrapper.application; includeInIndex = 0; path = Appetizers.app; sourceTree = BUILT_PRODUCTS_DIR; };
		AE0834DE2B5EB075008F0B04 /* AppetizersApp.swift */ = {isa = PBXFileReference; lastKnownFileType = sourcecode.swift; path = AppetizersApp.swift; sourceTree = "<group>"; };
		AE0834E02B5EB075008F0B04 /* AppetizerTabView.swift */ = {isa = PBXFileReference; lastKnownFileType = sourcecode.swift; path = AppetizerTabView.swift; sourceTree = "<group>"; };
		AE0834E22B5EB076008F0B04 /* Assets.xcassets */ = {isa = PBXFileReference; lastKnownFileType = folder.assetcatalog; path = Assets.xcassets; sourceTree = "<group>"; };
		AE0834E52B5EB076008F0B04 /* Preview Assets.xcassets */ = {isa = PBXFileReference; lastKnownFileType = folder.assetcatalog; path = "Preview Assets.xcassets"; sourceTree = "<group>"; };
		AE0834EC2B5EB6B1008F0B04 /* AppetizerListView.swift */ = {isa = PBXFileReference; lastKnownFileType = sourcecode.swift; path = AppetizerListView.swift; sourceTree = "<group>"; };
		AE0834EE2B5EB6BF008F0B04 /* AccountView.swift */ = {isa = PBXFileReference; lastKnownFileType = sourcecode.swift; path = AccountView.swift; sourceTree = "<group>"; };
		AE0834F02B5EB6C8008F0B04 /* OrderView.swift */ = {isa = PBXFileReference; lastKnownFileType = sourcecode.swift; path = OrderView.swift; sourceTree = "<group>"; };
		AE0834F22B5EC01C008F0B04 /* Appetizer.swift */ = {isa = PBXFileReference; lastKnownFileType = sourcecode.swift; path = Appetizer.swift; sourceTree = "<group>"; };
		AE0834F42B5EC54D008F0B04 /* AppetizerListCell.swift */ = {isa = PBXFileReference; lastKnownFileType = sourcecode.swift; path = AppetizerListCell.swift; sourceTree = "<group>"; };
		AE1D23C32B6261F300DFA693 /* RemoteImage.swift */ = {isa = PBXFileReference; lastKnownFileType = sourcecode.swift; path = RemoteImage.swift; sourceTree = "<group>"; };
		AE1D23D12B6280E200DFA693 /* AppetizerDetailView.swift */ = {isa = PBXFileReference; lastKnownFileType = sourcecode.swift; path = AppetizerDetailView.swift; sourceTree = "<group>"; };
		AE1D23D42B62D38700DFA693 /* AppetizerButton.swift */ = {isa = PBXFileReference; lastKnownFileType = sourcecode.swift; path = AppetizerButton.swift; sourceTree = "<group>"; };
		AE1D23D72B62D48F00DFA693 /* XDismissButton.swift */ = {isa = PBXFileReference; lastKnownFileType = sourcecode.swift; path = XDismissButton.swift; sourceTree = "<group>"; };
		AE29139A2B726B9E00EF2582 /* User.swift */ = {isa = PBXFileReference; lastKnownFileType = sourcecode.swift; path = User.swift; sourceTree = "<group>"; };
		AE384A122B63A09400284EAA /* AccountViewModel.swift */ = {isa = PBXFileReference; lastKnownFileType = sourcecode.swift; path = AccountViewModel.swift; sourceTree = "<group>"; };
		AE384A152B63AA0900284EAA /* String+Ext.swift */ = {isa = PBXFileReference; lastKnownFileType = sourcecode.swift; path = "String+Ext.swift"; sourceTree = "<group>"; };
		AE6F791A2B5FD7DD00A78492 /* NetworkManager.swift */ = {isa = PBXFileReference; lastKnownFileType = sourcecode.swift; path = NetworkManager.swift; sourceTree = "<group>"; };
		AEFF4E842B61564700581D1A /* AppetizerListViewModel.swift */ = {isa = PBXFileReference; lastKnownFileType = sourcecode.swift; path = AppetizerListViewModel.swift; sourceTree = "<group>"; };
		AEFF4E862B6158C400581D1A /* Alert.swift */ = {isa = PBXFileReference; lastKnownFileType = sourcecode.swift; path = Alert.swift; sourceTree = "<group>"; };
		AEFF4E882B615F8E00581D1A /* LoadingView.swift */ = {isa = PBXFileReference; lastKnownFileType = sourcecode.swift; path = LoadingView.swift; sourceTree = "<group>"; };
/* End PBXFileReference section */

/* Begin PBXFrameworksBuildPhase section */
		AE0834D82B5EB075008F0B04 /* Frameworks */ = {
			isa = PBXFrameworksBuildPhase;
			buildActionMask = 2147483647;
			files = (
			);
			runOnlyForDeploymentPostprocessing = 0;
		};
/* End PBXFrameworksBuildPhase section */

/* Begin PBXGroup section */
		AE0834D22B5EB075008F0B04 = {
			isa = PBXGroup;
			children = (
				AE0834DD2B5EB075008F0B04 /* Appetizers */,
				AE0834DC2B5EB075008F0B04 /* Products */,
			);
			sourceTree = "<group>";
		};
		AE0834DC2B5EB075008F0B04 /* Products */ = {
			isa = PBXGroup;
			children = (
				AE0834DB2B5EB075008F0B04 /* Appetizers.app */,
			);
			name = Products;
			sourceTree = "<group>";
		};
		AE0834DD2B5EB075008F0B04 /* Appetizers */ = {
			isa = PBXGroup;
			children = (
				AE1D23C72B6267BB00DFA693 /* Model */,
				AE1D23C62B62679200DFA693 /* Utilities */,
				AE1D23CD2B62686000DFA693 /* Views */,
				AE1D23C52B62678E00DFA693 /* Screens */,
				AE0834DE2B5EB075008F0B04 /* AppetizersApp.swift */,
				AE0834E22B5EB076008F0B04 /* Assets.xcassets */,
				AE0834E42B5EB076008F0B04 /* Preview Content */,
			);
			path = Appetizers;
			sourceTree = "<group>";
		};
		AE0834E42B5EB076008F0B04 /* Preview Content */ = {
			isa = PBXGroup;
			children = (
				AE0834E52B5EB076008F0B04 /* Preview Assets.xcassets */,
			);
			path = "Preview Content";
			sourceTree = "<group>";
		};
		AE1D23C52B62678E00DFA693 /* Screens */ = {
			isa = PBXGroup;
			children = (
				AE0834E02B5EB075008F0B04 /* AppetizerTabView.swift */,
				AE1D23CA2B6267EF00DFA693 /* AppetizerListView */,
				AE1D23C92B6267E800DFA693 /* AccoutView */,
				AE1D23C82B6267DB00DFA693 /* OrderView */,
			);
			path = Screens;
			sourceTree = "<group>";
		};
		AE1D23C62B62679200DFA693 /* Utilities */ = {
			isa = PBXGroup;
			children = (
				AE384A142B63A9F800284EAA /* Extensions */,
				AE1D23CC2B62681600DFA693 /* Alerts */,
				AE1D23CB2B62680E00DFA693 /* Managers */,
			);
			path = Utilities;
			sourceTree = "<group>";
		};
		AE1D23C72B6267BB00DFA693 /* Model */ = {
			isa = PBXGroup;
			children = (
				AE0834F22B5EC01C008F0B04 /* Appetizer.swift */,
				AE29139A2B726B9E00EF2582 /* User.swift */,
			);
			path = Model;
			sourceTree = "<group>";
		};
		AE1D23C82B6267DB00DFA693 /* OrderView */ = {
			isa = PBXGroup;
			children = (
				AE0834F02B5EB6C8008F0B04 /* OrderView.swift */,
			);
			path = OrderView;
			sourceTree = "<group>";
		};
		AE1D23C92B6267E800DFA693 /* AccoutView */ = {
			isa = PBXGroup;
			children = (
				AE0834EE2B5EB6BF008F0B04 /* AccountView.swift */,
				AE384A122B63A09400284EAA /* AccountViewModel.swift */,
			);
			path = AccoutView;
			sourceTree = "<group>";
		};
		AE1D23CA2B6267EF00DFA693 /* AppetizerListView */ = {
			isa = PBXGroup;
			children = (
				AE0834EC2B5EB6B1008F0B04 /* AppetizerListView.swift */,
				AEFF4E842B61564700581D1A /* AppetizerListViewModel.swift */,
				AE1D23D12B6280E200DFA693 /* AppetizerDetailView.swift */,
			);
			path = AppetizerListView;
			sourceTree = "<group>";
		};
		AE1D23CB2B62680E00DFA693 /* Managers */ = {
			isa = PBXGroup;
			children = (
				AE6F791A2B5FD7DD00A78492 /* NetworkManager.swift */,
			);
			path = Managers;
			sourceTree = "<group>";
		};
		AE1D23CC2B62681600DFA693 /* Alerts */ = {
			isa = PBXGroup;
			children = (
				AEFF4E862B6158C400581D1A /* Alert.swift */,
			);
			path = Alerts;
			sourceTree = "<group>";
		};
		AE1D23CD2B62686000DFA693 /* Views */ = {
			isa = PBXGroup;
			children = (
				AE1D23D32B62D37B00DFA693 /* Button */,
				AE1D23D02B62687200DFA693 /* Image */,
				AE1D23CF2B62686D00DFA693 /* Cells */,
				AE1D23CE2B62686300DFA693 /* UIKit Components */,
			);
			path = Views;
			sourceTree = "<group>";
		};
		AE1D23CE2B62686300DFA693 /* UIKit Components */ = {
			isa = PBXGroup;
			children = (
				AEFF4E882B615F8E00581D1A /* LoadingView.swift */,
			);
			path = "UIKit Components";
			sourceTree = "<group>";
		};
		AE1D23CF2B62686D00DFA693 /* Cells */ = {
			isa = PBXGroup;
			children = (
				AE0834F42B5EC54D008F0B04 /* AppetizerListCell.swift */,
			);
			path = Cells;
			sourceTree = "<group>";
		};
		AE1D23D02B62687200DFA693 /* Image */ = {
			isa = PBXGroup;
			children = (
				AE1D23C32B6261F300DFA693 /* RemoteImage.swift */,
			);
			path = Image;
			sourceTree = "<group>";
		};
		AE1D23D32B62D37B00DFA693 /* Button */ = {
			isa = PBXGroup;
			children = (
				AE1D23D42B62D38700DFA693 /* AppetizerButton.swift */,
				AE1D23D72B62D48F00DFA693 /* XDismissButton.swift */,
			);
			path = Button;
			sourceTree = "<group>";
		};
		AE384A142B63A9F800284EAA /* Extensions */ = {
			isa = PBXGroup;
			children = (
				AE384A152B63AA0900284EAA /* String+Ext.swift */,
			);
			path = Extensions;
			sourceTree = "<group>";
		};
/* End PBXGroup section */

/* Begin PBXNativeTarget section */
		AE0834DA2B5EB075008F0B04 /* Appetizers */ = {
			isa = PBXNativeTarget;
			buildConfigurationList = AE0834E92B5EB076008F0B04 /* Build configuration list for PBXNativeTarget "Appetizers" */;
			buildPhases = (
				AE0834D72B5EB075008F0B04 /* Sources */,
				AE0834D82B5EB075008F0B04 /* Frameworks */,
				AE0834D92B5EB075008F0B04 /* Resources */,
			);
			buildRules = (
			);
			dependencies = (
			);
			name = Appetizers;
			productName = Appetizers;
			productReference = AE0834DB2B5EB075008F0B04 /* Appetizers.app */;
			productType = "com.apple.product-type.application";
		};
/* End PBXNativeTarget section */

/* Begin PBXProject section */
		AE0834D32B5EB075008F0B04 /* Project object */ = {
			isa = PBXProject;
			attributes = {
				BuildIndependentTargetsInParallel = 1;
				LastSwiftUpdateCheck = 1520;
				LastUpgradeCheck = 1520;
				TargetAttributes = {
					AE0834DA2B5EB075008F0B04 = {
						CreatedOnToolsVersion = 15.2;
					};
				};
			};
			buildConfigurationList = AE0834D62B5EB075008F0B04 /* Build configuration list for PBXProject "Appetizers" */;
			compatibilityVersion = "Xcode 14.0";
			developmentRegion = en;
			hasScannedForEncodings = 0;
			knownRegions = (
				en,
				Base,
			);
			mainGroup = AE0834D22B5EB075008F0B04;
			productRefGroup = AE0834DC2B5EB075008F0B04 /* Products */;
			projectDirPath = "";
			projectRoot = "";
			targets = (
				AE0834DA2B5EB075008F0B04 /* Appetizers */,
			);
		};
/* End PBXProject section */

/* Begin PBXResourcesBuildPhase section */
		AE0834D92B5EB075008F0B04 /* Resources */ = {
			isa = PBXResourcesBuildPhase;
			buildActionMask = 2147483647;
			files = (
				AE0834E62B5EB076008F0B04 /* Preview Assets.xcassets in Resources */,
				AE0834E32B5EB076008F0B04 /* Assets.xcassets in Resources */,
			);
			runOnlyForDeploymentPostprocessing = 0;
		};
/* End PBXResourcesBuildPhase section */

/* Begin PBXSourcesBuildPhase section */
		AE0834D72B5EB075008F0B04 /* Sources */ = {
			isa = PBXSourcesBuildPhase;
			buildActionMask = 2147483647;
			files = (
				AE0834F32B5EC01C008F0B04 /* Appetizer.swift in Sources */,
				AE0834F52B5EC54D008F0B04 /* AppetizerListCell.swift in Sources */,
				AE0834EF2B5EB6BF008F0B04 /* AccountView.swift in Sources */,
				AE384A162B63AA0900284EAA /* String+Ext.swift in Sources */,
				AE1D23C42B6261F300DFA693 /* RemoteImage.swift in Sources */,
				AEFF4E892B615F8E00581D1A /* LoadingView.swift in Sources */,
				AE0834E12B5EB075008F0B04 /* AppetizerTabView.swift in Sources */,
				AE384A132B63A09400284EAA /* AccountViewModel.swift in Sources */,
				AEFF4E852B61564700581D1A /* AppetizerListViewModel.swift in Sources */,
				AE6F791B2B5FD7DD00A78492 /* NetworkManager.swift in Sources */,
				AE1D23D22B6280E200DFA693 /* AppetizerDetailView.swift in Sources */,
				AE0834DF2B5EB075008F0B04 /* AppetizersApp.swift in Sources */,
				AE0834ED2B5EB6B1008F0B04 /* AppetizerListView.swift in Sources */,
				AEFF4E872B6158C400581D1A /* Alert.swift in Sources */,
				AE29139B2B726B9E00EF2582 /* User.swift in Sources */,
				AE1D23D52B62D38700DFA693 /* AppetizerButton.swift in Sources */,
				AE0834F12B5EB6C8008F0B04 /* OrderView.swift in Sources */,
				AE1D23D82B62D48F00DFA693 /* XDismissButton.swift in Sources */,
			);
			runOnlyForDeploymentPostprocessing = 0;
		};
/* End PBXSourcesBuildPhase section */

/* Begin XCBuildConfiguration section */
		AE0834E72B5EB076008F0B04 /* Debug */ = {
			isa = XCBuildConfiguration;
			buildSettings = {
				ALWAYS_SEARCH_USER_PATHS = NO;
				ASSETCATALOG_COMPILER_GENERATE_SWIFT_ASSET_SYMBOL_EXTENSIONS = YES;
				CLANG_ANALYZER_NONNULL = YES;
				CLANG_ANALYZER_NUMBER_OBJECT_CONVERSION = YES_AGGRESSIVE;
				CLANG_CXX_LANGUAGE_STANDARD = "gnu++20";
				CLANG_ENABLE_MODULES = YES;
				CLANG_ENABLE_OBJC_ARC = YES;
				CLANG_ENABLE_OBJC_WEAK = YES;
				CLANG_WARN_BLOCK_CAPTURE_AUTORELEASING = YES;
				CLANG_WARN_BOOL_CONVERSION = YES;
				CLANG_WARN_COMMA = YES;
				CLANG_WARN_CONSTANT_CONVERSION = YES;
				CLANG_WARN_DEPRECATED_OBJC_IMPLEMENTATIONS = YES;
				CLANG_WARN_DIRECT_OBJC_ISA_USAGE = YES_ERROR;
				CLANG_WARN_DOCUMENTATION_COMMENTS = YES;
				CLANG_WARN_EMPTY_BODY = YES;
				CLANG_WARN_ENUM_CONVERSION = YES;
				CLANG_WARN_INFINITE_RECURSION = YES;
				CLANG_WARN_INT_CONVERSION = YES;
				CLANG_WARN_NON_LITERAL_NULL_CONVERSION = YES;
				CLANG_WARN_OBJC_IMPLICIT_RETAIN_SELF = YES;
				CLANG_WARN_OBJC_LITERAL_CONVERSION = YES;
				CLANG_WARN_OBJC_ROOT_CLASS = YES_ERROR;
				CLANG_WARN_QUOTED_INCLUDE_IN_FRAMEWORK_HEADER = YES;
				CLANG_WARN_RANGE_LOOP_ANALYSIS = YES;
				CLANG_WARN_STRICT_PROTOTYPES = YES;
				CLANG_WARN_SUSPICIOUS_MOVE = YES;
				CLANG_WARN_UNGUARDED_AVAILABILITY = YES_AGGRESSIVE;
				CLANG_WARN_UNREACHABLE_CODE = YES;
				CLANG_WARN__DUPLICATE_METHOD_MATCH = YES;
				COPY_PHASE_STRIP = NO;
				DEBUG_INFORMATION_FORMAT = dwarf;
				ENABLE_STRICT_OBJC_MSGSEND = YES;
				ENABLE_TESTABILITY = YES;
				ENABLE_USER_SCRIPT_SANDBOXING = YES;
				GCC_C_LANGUAGE_STANDARD = gnu17;
				GCC_DYNAMIC_NO_PIC = NO;
				GCC_NO_COMMON_BLOCKS = YES;
				GCC_OPTIMIZATION_LEVEL = 0;
				GCC_PREPROCESSOR_DEFINITIONS = (
					"DEBUG=1",
					"$(inherited)",
				);
				GCC_WARN_64_TO_32_BIT_CONVERSION = YES;
				GCC_WARN_ABOUT_RETURN_TYPE = YES_ERROR;
				GCC_WARN_UNDECLARED_SELECTOR = YES;
				GCC_WARN_UNINITIALIZED_AUTOS = YES_AGGRESSIVE;
				GCC_WARN_UNUSED_FUNCTION = YES;
				GCC_WARN_UNUSED_VARIABLE = YES;
				IPHONEOS_DEPLOYMENT_TARGET = 17.2;
				LOCALIZATION_PREFERS_STRING_CATALOGS = YES;
				MTL_ENABLE_DEBUG_INFO = INCLUDE_SOURCE;
				MTL_FAST_MATH = YES;
				ONLY_ACTIVE_ARCH = YES;
				SDKROOT = iphoneos;
				SWIFT_ACTIVE_COMPILATION_CONDITIONS = "DEBUG $(inherited)";
				SWIFT_OPTIMIZATION_LEVEL = "-Onone";
			};
			name = Debug;
		};
		AE0834E82B5EB076008F0B04 /* Release */ = {
			isa = XCBuildConfiguration;
			buildSettings = {
				ALWAYS_SEARCH_USER_PATHS = NO;
				ASSETCATALOG_COMPILER_GENERATE_SWIFT_ASSET_SYMBOL_EXTENSIONS = YES;
				CLANG_ANALYZER_NONNULL = YES;
				CLANG_ANALYZER_NUMBER_OBJECT_CONVERSION = YES_AGGRESSIVE;
				CLANG_CXX_LANGUAGE_STANDARD = "gnu++20";
				CLANG_ENABLE_MODULES = YES;
				CLANG_ENABLE_OBJC_ARC = YES;
				CLANG_ENABLE_OBJC_WEAK = YES;
				CLANG_WARN_BLOCK_CAPTURE_AUTORELEASING = YES;
				CLANG_WARN_BOOL_CONVERSION = YES;
				CLANG_WARN_COMMA = YES;
				CLANG_WARN_CONSTANT_CONVERSION = YES;
				CLANG_WARN_DEPRECATED_OBJC_IMPLEMENTATIONS = YES;
				CLANG_WARN_DIRECT_OBJC_ISA_USAGE = YES_ERROR;
				CLANG_WARN_DOCUMENTATION_COMMENTS = YES;
				CLANG_WARN_EMPTY_BODY = YES;
				CLANG_WARN_ENUM_CONVERSION = YES;
				CLANG_WARN_INFINITE_RECURSION = YES;
				CLANG_WARN_INT_CONVERSION = YES;
				CLANG_WARN_NON_LITERAL_NULL_CONVERSION = YES;
				CLANG_WARN_OBJC_IMPLICIT_RETAIN_SELF = YES;
				CLANG_WARN_OBJC_LITERAL_CONVERSION = YES;
				CLANG_WARN_OBJC_ROOT_CLASS = YES_ERROR;
				CLANG_WARN_QUOTED_INCLUDE_IN_FRAMEWORK_HEADER = YES;
				CLANG_WARN_RANGE_LOOP_ANALYSIS = YES;
				CLANG_WARN_STRICT_PROTOTYPES = YES;
				CLANG_WARN_SUSPICIOUS_MOVE = YES;
				CLANG_WARN_UNGUARDED_AVAILABILITY = YES_AGGRESSIVE;
				CLANG_WARN_UNREACHABLE_CODE = YES;
				CLANG_WARN__DUPLICATE_METHOD_MATCH = YES;
				COPY_PHASE_STRIP = NO;
				DEBUG_INFORMATION_FORMAT = "dwarf-with-dsym";
				ENABLE_NS_ASSERTIONS = NO;
				ENABLE_STRICT_OBJC_MSGSEND = YES;
				ENABLE_USER_SCRIPT_SANDBOXING = YES;
				GCC_C_LANGUAGE_STANDARD = gnu17;
				GCC_NO_COMMON_BLOCKS = YES;
				GCC_WARN_64_TO_32_BIT_CONVERSION = YES;
				GCC_WARN_ABOUT_RETURN_TYPE = YES_ERROR;
				GCC_WARN_UNDECLARED_SELECTOR = YES;
				GCC_WARN_UNINITIALIZED_AUTOS = YES_AGGRESSIVE;
				GCC_WARN_UNUSED_FUNCTION = YES;
				GCC_WARN_UNUSED_VARIABLE = YES;
				IPHONEOS_DEPLOYMENT_TARGET = 17.2;
				LOCALIZATION_PREFERS_STRING_CATALOGS = YES;
				MTL_ENABLE_DEBUG_INFO = NO;
				MTL_FAST_MATH = YES;
				SDKROOT = iphoneos;
				SWIFT_COMPILATION_MODE = wholemodule;
				VALIDATE_PRODUCT = YES;
			};
			name = Release;
		};
		AE0834EA2B5EB076008F0B04 /* Debug */ = {
			isa = XCBuildConfiguration;
			buildSettings = {
				ASSETCATALOG_COMPILER_APPICON_NAME = AppIcon;
				ASSETCATALOG_COMPILER_GLOBAL_ACCENT_COLOR_NAME = AccentColor;
				CODE_SIGN_STYLE = Automatic;
				CURRENT_PROJECT_VERSION = 1;
				DEVELOPMENT_ASSET_PATHS = "\"Appetizers/Preview Content\"";
				DEVELOPMENT_TEAM = 47239J68X3;
				ENABLE_PREVIEWS = YES;
				GENERATE_INFOPLIST_FILE = YES;
				INFOPLIST_KEY_UIApplicationSceneManifest_Generation = YES;
				INFOPLIST_KEY_UIApplicationSupportsIndirectInputEvents = YES;
				INFOPLIST_KEY_UILaunchScreen_Generation = YES;
				INFOPLIST_KEY_UISupportedInterfaceOrientations_iPad = "UIInterfaceOrientationPortrait UIInterfaceOrientationPortraitUpsideDown UIInterfaceOrientationLandscapeLeft UIInterfaceOrientationLandscapeRight";
				INFOPLIST_KEY_UISupportedInterfaceOrientations_iPhone = "UIInterfaceOrientationPortrait UIInterfaceOrientationLandscapeLeft UIInterfaceOrientationLandscapeRight";
				LD_RUNPATH_SEARCH_PATHS = (
					"$(inherited)",
					"@executable_path/Frameworks",
				);
				MARKETING_VERSION = 1.0;
				PRODUCT_BUNDLE_IDENTIFIER = com.omerfarukercivan.Appetizers;
				PRODUCT_NAME = "$(TARGET_NAME)";
				SWIFT_EMIT_LOC_STRINGS = YES;
				SWIFT_VERSION = 5.0;
				TARGETED_DEVICE_FAMILY = "1,2";
			};
			name = Debug;
		};
		AE0834EB2B5EB076008F0B04 /* Release */ = {
			isa = XCBuildConfiguration;
			buildSettings = {
				ASSETCATALOG_COMPILER_APPICON_NAME = AppIcon;
				ASSETCATALOG_COMPILER_GLOBAL_ACCENT_COLOR_NAME = AccentColor;
				CODE_SIGN_STYLE = Automatic;
				CURRENT_PROJECT_VERSION = 1;
				DEVELOPMENT_ASSET_PATHS = "\"Appetizers/Preview Content\"";
				DEVELOPMENT_TEAM = 47239J68X3;
				ENABLE_PREVIEWS = YES;
				GENERATE_INFOPLIST_FILE = YES;
				INFOPLIST_KEY_UIApplicationSceneManifest_Generation = YES;
				INFOPLIST_KEY_UIApplicationSupportsIndirectInputEvents = YES;
				INFOPLIST_KEY_UILaunchScreen_Generation = YES;
				INFOPLIST_KEY_UISupportedInterfaceOrientations_iPad = "UIInterfaceOrientationPortrait UIInterfaceOrientationPortraitUpsideDown UIInterfaceOrientationLandscapeLeft UIInterfaceOrientationLandscapeRight";
				INFOPLIST_KEY_UISupportedInterfaceOrientations_iPhone = "UIInterfaceOrientationPortrait UIInterfaceOrientationLandscapeLeft UIInterfaceOrientationLandscapeRight";
				LD_RUNPATH_SEARCH_PATHS = (
					"$(inherited)",
					"@executable_path/Frameworks",
				);
				MARKETING_VERSION = 1.0;
				PRODUCT_BUNDLE_IDENTIFIER = com.omerfarukercivan.Appetizers;
				PRODUCT_NAME = "$(TARGET_NAME)";
				SWIFT_EMIT_LOC_STRINGS = YES;
				SWIFT_VERSION = 5.0;
				TARGETED_DEVICE_FAMILY = "1,2";
			};
			name = Release;
		};
/* End XCBuildConfiguration section */

/* Begin XCConfigurationList section */
		AE0834D62B5EB075008F0B04 /* Build configuration list for PBXProject "Appetizers" */ = {
			isa = XCConfigurationList;
			buildConfigurations = (
				AE0834E72B5EB076008F0B04 /* Debug */,
				AE0834E82B5EB076008F0B04 /* Release */,
			);
			defaultConfigurationIsVisible = 0;
			defaultConfigurationName = Release;
		};
		AE0834E92B5EB076008F0B04 /* Build configuration list for PBXNativeTarget "Appetizers" */ = {
			isa = XCConfigurationList;
			buildConfigurations = (
				AE0834EA2B5EB076008F0B04 /* Debug */,
				AE0834EB2B5EB076008F0B04 /* Release */,
			);
			defaultConfigurationIsVisible = 0;
			defaultConfigurationName = Release;
		};
/* End XCConfigurationList section */
	};
	rootObject = AE0834D32B5EB075008F0B04 /* Project object */;
}
